
Microsoft Visual Studio Solution File, Format Version 12.00
# Visual Studio 14
VisualStudioVersion = 14.0.25420.1
MinimumVisualStudioVersion = 10.0.40219.1
Project("{FAE04EC0-301F-11D3-BF4B-00C04F79EFBC}") = "Benchmarks", "Benchmarks\Benchmarks.csproj", "{A74C3132-C06E-48B2-9DF8-296E36949E4C}"
EndProject
Project("{2150E333-8FDC-42A3-9474-1A3956D46DE8}") = "GpuLogic", "GpuLogic", "{04981B58-6EDE-4B6C-AC47-D5CFC00D65A3}"
EndProject
Project("{FAE04EC0-301F-11D3-BF4B-00C04F79EFBC}") = "GpuAleaExample", "GpuAleaExample\GpuAleaExample.csproj", "{6ACDB170-0F62-4780-9DED-7F6C3883AE20}"
EndProject
Global
	GlobalSection(SolutionConfigurationPlatforms) = preSolution
		Debug|Any CPU = Debug|Any CPU
		Release|Any CPU = Release|Any CPU
	EndGlobalSection
	GlobalSection(ProjectConfigurationPlatforms) = postSolution
		{A74C3132-C06E-48B2-9DF8-296E36949E4C}.Debug|Any CPU.ActiveCfg = Debug|Any CPU
		{A74C3132-C06E-48B2-9DF8-296E36949E4C}.Debug|Any CPU.Build.0 = Debug|Any CPU
		{A74C3132-C06E-48B2-9DF8-296E36949E4C}.Release|Any CPU.ActiveCfg = Release|Any CPU
		{A74C3132-C06E-48B2-9DF8-296E36949E4C}.Release|Any CPU.Build.0 = Release|Any CPU
		{6ACDB170-0F62-4780-9DED-7F6C3883AE20}.Debug|Any CPU.ActiveCfg = Debug|Any CPU
		{6ACDB170-0F62-4780-9DED-7F6C3883AE20}.Debug|Any CPU.Build.0 = Debug|Any CPU
		{6ACDB170-0F62-4780-9DED-7F6C3883AE20}.Release|Any CPU.ActiveCfg = Release|Any CPU
		{6ACDB170-0F62-4780-9DED-7F6C3883AE20}.Release|Any CPU.Build.0 = Release|Any CPU
	EndGlobalSection
	GlobalSection(SolutionProperties) = preSolution
		HideSolutionNode = FALSE
	EndGlobalSection
	GlobalSection(NestedProjects) = preSolution
		{6ACDB170-0F62-4780-9DED-7F6C3883AE20} = {04981B58-6EDE-4B6C-AC47-D5CFC00D65A3}
	EndGlobalSection
EndGlobal
